
Microsoft Visual Studio Solution File, Format Version 12.00
# Visual Studio Version 17
VisualStudioVersion = 17.3.32811.315
MinimumVisualStudioVersion = 10.0.40219.1
Project("{FAE04EC0-301F-11D3-BF4B-00C04F79EFBC}") = "desafio_1", "desafio_1\desafio_1.csproj", "{F3069416-35E4-469A-A9A5-B2936D37F95C}"
EndProject
Global
	GlobalSection(SolutionConfigurationPlatforms) = preSolution
		Debug|Any CPU = Debug|Any CPU
		Release|Any CPU = Release|Any CPU
	EndGlobalSection
	GlobalSection(ProjectConfigurationPlatforms) = postSolution
		{F3069416-35E4-469A-A9A5-B2936D37F95C}.Debug|Any CPU.ActiveCfg = Debug|Any CPU
		{F3069416-35E4-469A-A9A5-B2936D37F95C}.Debug|Any CPU.Build.0 = Debug|Any CPU
		{F3069416-35E4-469A-A9A5-B2936D37F95C}.Release|Any CPU.ActiveCfg = Release|Any CPU
		{F3069416-35E4-469A-A9A5-B2936D37F95C}.Release|Any CPU.Build.0 = Release|Any CPU
	EndGlobalSection
	GlobalSection(SolutionProperties) = preSolution
		HideSolutionNode = FALSE
	EndGlobalSection
	GlobalSection(ExtensibilityGlobals) = postSolution
		SolutionGuid = {89B0DF0C-B13B-4ADB-A86A-A0CD5690C806}
	EndGlobalSection
EndGlobal
